
Microsoft Visual Studio Solution File, Format Version 12.00
# Visual Studio Version 17
VisualStudioVersion = 17.11.35312.102
MinimumVisualStudioVersion = 10.0.40219.1
Project("{FAE04EC0-301F-11D3-BF4B-00C04F79EFBC}") = "PV_VitalEase", "PV_VitalEase\PV_VitalEase.csproj", "{6C6F0D58-535E-40E8-882C-5AF59BEF41C0}"
EndProject
Global
	GlobalSection(SolutionConfigurationPlatforms) = preSolution
		Debug|Any CPU = Debug|Any CPU
		Release|Any CPU = Release|Any CPU
	EndGlobalSection
	GlobalSection(ProjectConfigurationPlatforms) = postSolution
		{6C6F0D58-535E-40E8-882C-5AF59BEF41C0}.Debug|Any CPU.ActiveCfg = Debug|Any CPU
		{6C6F0D58-535E-40E8-882C-5AF59BEF41C0}.Debug|Any CPU.Build.0 = Debug|Any CPU
		{6C6F0D58-535E-40E8-882C-5AF59BEF41C0}.Release|Any CPU.ActiveCfg = Release|Any CPU
		{6C6F0D58-535E-40E8-882C-5AF59BEF41C0}.Release|Any CPU.Build.0 = Release|Any CPU
	EndGlobalSection
	GlobalSection(SolutionProperties) = preSolution
		HideSolutionNode = FALSE
	EndGlobalSection
	GlobalSection(ExtensibilityGlobals) = postSolution
		SolutionGuid = {2012F51D-7038-4CDE-B05D-8736DFE6574B}
	EndGlobalSection
EndGlobal
